
Microsoft Visual Studio Solution File, Format Version 12.00
# Visual Studio Version 17
VisualStudioVersion = 17.11.35312.102
MinimumVisualStudioVersion = 10.0.40219.1
Project("{8BC9CEB8-8B4A-11D0-8D11-00A0C91BC942}") = "Lab№1", "Lab№1.vcxproj", "{D7EC3F75-B523-4F1B-8AAC-44D6C761A461}"
EndProject
Project("{8BC9CEB8-8B4A-11D0-8D11-00A0C91BC942}") = "test_bitfield", "..\Sample-Test1\Sample-Test1.vcxproj", "{2A0A05C1-DA20-4603-8D81-03DC181F5BE6}"
EndProject
Project("{8BC9CEB8-8B4A-11D0-8D11-00A0C91BC942}") = "test_set", "..\test_set\test_set.vcxproj", "{E88FAD66-59B0-4A36-8FE1-E654DC2C94A7}"
EndProject
Global
	GlobalSection(SolutionConfigurationPlatforms) = preSolution
		Debug|x64 = Debug|x64
		Debug|x86 = Debug|x86
		Release|x64 = Release|x64
		Release|x86 = Release|x86
	EndGlobalSection
	GlobalSection(ProjectConfigurationPlatforms) = postSolution
		{D7EC3F75-B523-4F1B-8AAC-44D6C761A461}.Debug|x64.ActiveCfg = Debug|x64
		{D7EC3F75-B523-4F1B-8AAC-44D6C761A461}.Debug|x64.Build.0 = Debug|x64
		{D7EC3F75-B523-4F1B-8AAC-44D6C761A461}.Debug|x86.ActiveCfg = Debug|Win32
		{D7EC3F75-B523-4F1B-8AAC-44D6C761A461}.Debug|x86.Build.0 = Debug|Win32
		{D7EC3F75-B523-4F1B-8AAC-44D6C761A461}.Release|x64.ActiveCfg = Release|x64
		{D7EC3F75-B523-4F1B-8AAC-44D6C761A461}.Release|x64.Build.0 = Release|x64
		{D7EC3F75-B523-4F1B-8AAC-44D6C761A461}.Release|x86.ActiveCfg = Release|Win32
		{D7EC3F75-B523-4F1B-8AAC-44D6C761A461}.Release|x86.Build.0 = Release|Win32
		{2A0A05C1-DA20-4603-8D81-03DC181F5BE6}.Debug|x64.ActiveCfg = Debug|x64
		{2A0A05C1-DA20-4603-8D81-03DC181F5BE6}.Debug|x64.Build.0 = Debug|x64
		{2A0A05C1-DA20-4603-8D81-03DC181F5BE6}.Debug|x86.ActiveCfg = Debug|Win32
		{2A0A05C1-DA20-4603-8D81-03DC181F5BE6}.Debug|x86.Build.0 = Debug|Win32
		{2A0A05C1-DA20-4603-8D81-03DC181F5BE6}.Release|x64.ActiveCfg = Release|x64
		{2A0A05C1-DA20-4603-8D81-03DC181F5BE6}.Release|x64.Build.0 = Release|x64
		{2A0A05C1-DA20-4603-8D81-03DC181F5BE6}.Release|x86.ActiveCfg = Release|Win32
		{2A0A05C1-DA20-4603-8D81-03DC181F5BE6}.Release|x86.Build.0 = Release|Win32
		{E88FAD66-59B0-4A36-8FE1-E654DC2C94A7}.Debug|x64.ActiveCfg = Debug|x64
		{E88FAD66-59B0-4A36-8FE1-E654DC2C94A7}.Debug|x64.Build.0 = Debug|x64
		{E88FAD66-59B0-4A36-8FE1-E654DC2C94A7}.Debug|x86.ActiveCfg = Debug|Win32
		{E88FAD66-59B0-4A36-8FE1-E654DC2C94A7}.Debug|x86.Build.0 = Debug|Win32
		{E88FAD66-59B0-4A36-8FE1-E654DC2C94A7}.Release|x64.ActiveCfg = Release|x64
		{E88FAD66-59B0-4A36-8FE1-E654DC2C94A7}.Release|x64.Build.0 = Release|x64
		{E88FAD66-59B0-4A36-8FE1-E654DC2C94A7}.Release|x86.ActiveCfg = Release|Win32
		{E88FAD66-59B0-4A36-8FE1-E654DC2C94A7}.Release|x86.Build.0 = Release|Win32
	EndGlobalSection
	GlobalSection(SolutionProperties) = preSolution
		HideSolutionNode = FALSE
	EndGlobalSection
	GlobalSection(ExtensibilityGlobals) = postSolution
		SolutionGuid = {3129DBB7-8ECB-447D-A009-1AB7A37DCCE5}
	EndGlobalSection
EndGlobal
